
Microsoft Visual Studio Solution File, Format Version 12.00
Project("{FAE04EC0-301F-11D3-BF4B-00C04F79EFBC}") = "CodingExercise.Api", "CodingExercise.Api\CodingExercise.Api.csproj", "{CB8C6F99-A37C-419B-A8B7-F7E9BD3CD59D}"
EndProject
Project("{FAE04EC0-301F-11D3-BF4B-00C04F79EFBC}") = "CodingExercise.Domain.Services", "CodingExercise.Domain.Services\CodingExercise.Domain.Services.csproj", "{FA082B92-452A-4688-97AC-ABF775BC8ADE}"
EndProject
Project("{FAE04EC0-301F-11D3-BF4B-00C04F79EFBC}") = "CodingExercise.Domain.Models", "CodingExercise.Domain.Models\CodingExercise.Domain.Models.csproj", "{D0C56946-EABA-453A-9691-3B33BE51C210}"
EndProject
Project("{2150E333-8FDC-42A3-9474-1A3956D46DE8}") = "Tests", "Tests", "{BF7934D0-3E88-40FD-850B-ABF51B9143FA}"
EndProject
Project("{FAE04EC0-301F-11D3-BF4B-00C04F79EFBC}") = "CodingExercise.Api.Tests", "Tests\CodingExercise.Api.Tests\CodingExercise.Api.Tests.csproj", "{95E59BEB-5020-4351-9DD3-ED88E7CB6389}"
EndProject
Project("{FAE04EC0-301F-11D3-BF4B-00C04F79EFBC}") = "CodingExercise.Domain.Models.Tests", "Tests\CodingExercise.Domain.Models.Tests\CodingExercise.Domain.Models.Tests.csproj", "{DA360AF6-002F-4A5B-AD8F-505D9D9B8635}"
EndProject
Global
	GlobalSection(SolutionConfigurationPlatforms) = preSolution
		Debug|Any CPU = Debug|Any CPU
		Release|Any CPU = Release|Any CPU
	EndGlobalSection
	GlobalSection(ProjectConfigurationPlatforms) = postSolution
		{CB8C6F99-A37C-419B-A8B7-F7E9BD3CD59D}.Debug|Any CPU.ActiveCfg = Debug|Any CPU
		{CB8C6F99-A37C-419B-A8B7-F7E9BD3CD59D}.Debug|Any CPU.Build.0 = Debug|Any CPU
		{CB8C6F99-A37C-419B-A8B7-F7E9BD3CD59D}.Release|Any CPU.ActiveCfg = Release|Any CPU
		{CB8C6F99-A37C-419B-A8B7-F7E9BD3CD59D}.Release|Any CPU.Build.0 = Release|Any CPU
		{FA082B92-452A-4688-97AC-ABF775BC8ADE}.Debug|Any CPU.ActiveCfg = Debug|Any CPU
		{FA082B92-452A-4688-97AC-ABF775BC8ADE}.Debug|Any CPU.Build.0 = Debug|Any CPU
		{FA082B92-452A-4688-97AC-ABF775BC8ADE}.Release|Any CPU.ActiveCfg = Release|Any CPU
		{FA082B92-452A-4688-97AC-ABF775BC8ADE}.Release|Any CPU.Build.0 = Release|Any CPU
		{D0C56946-EABA-453A-9691-3B33BE51C210}.Debug|Any CPU.ActiveCfg = Debug|Any CPU
		{D0C56946-EABA-453A-9691-3B33BE51C210}.Debug|Any CPU.Build.0 = Debug|Any CPU
		{D0C56946-EABA-453A-9691-3B33BE51C210}.Release|Any CPU.ActiveCfg = Release|Any CPU
		{D0C56946-EABA-453A-9691-3B33BE51C210}.Release|Any CPU.Build.0 = Release|Any CPU
		{95E59BEB-5020-4351-9DD3-ED88E7CB6389}.Debug|Any CPU.ActiveCfg = Debug|Any CPU
		{95E59BEB-5020-4351-9DD3-ED88E7CB6389}.Debug|Any CPU.Build.0 = Debug|Any CPU
		{95E59BEB-5020-4351-9DD3-ED88E7CB6389}.Release|Any CPU.ActiveCfg = Release|Any CPU
		{95E59BEB-5020-4351-9DD3-ED88E7CB6389}.Release|Any CPU.Build.0 = Release|Any CPU
		{DA360AF6-002F-4A5B-AD8F-505D9D9B8635}.Debug|Any CPU.ActiveCfg = Debug|Any CPU
		{DA360AF6-002F-4A5B-AD8F-505D9D9B8635}.Debug|Any CPU.Build.0 = Debug|Any CPU
		{DA360AF6-002F-4A5B-AD8F-505D9D9B8635}.Release|Any CPU.ActiveCfg = Release|Any CPU
		{DA360AF6-002F-4A5B-AD8F-505D9D9B8635}.Release|Any CPU.Build.0 = Release|Any CPU
	EndGlobalSection
	GlobalSection(NestedProjects) = preSolution
		{95E59BEB-5020-4351-9DD3-ED88E7CB6389} = {BF7934D0-3E88-40FD-850B-ABF51B9143FA}
		{DA360AF6-002F-4A5B-AD8F-505D9D9B8635} = {BF7934D0-3E88-40FD-850B-ABF51B9143FA}
	EndGlobalSection
EndGlobal
